
Microsoft Visual Studio Solution File, Format Version 12.00
# Visual Studio 15
VisualStudioVersion = 15.0.28307.168
MinimumVisualStudioVersion = 10.0.40219.1
Project("{FAE04EC0-301F-11D3-BF4B-00C04F79EFBC}") = "C0715837", "C0715837\C0715837.csproj", "{64B7ADE8-F59D-460E-B17D-63041EF81884}"
EndProject
Global
	GlobalSection(SolutionConfigurationPlatforms) = preSolution
		Debug|Any CPU = Debug|Any CPU
		Release|Any CPU = Release|Any CPU
	EndGlobalSection
	GlobalSection(ProjectConfigurationPlatforms) = postSolution
		{64B7ADE8-F59D-460E-B17D-63041EF81884}.Debug|Any CPU.ActiveCfg = Debug|Any CPU
		{64B7ADE8-F59D-460E-B17D-63041EF81884}.Debug|Any CPU.Build.0 = Debug|Any CPU
		{64B7ADE8-F59D-460E-B17D-63041EF81884}.Release|Any CPU.ActiveCfg = Release|Any CPU
		{64B7ADE8-F59D-460E-B17D-63041EF81884}.Release|Any CPU.Build.0 = Release|Any CPU
	EndGlobalSection
	GlobalSection(SolutionProperties) = preSolution
		HideSolutionNode = FALSE
	EndGlobalSection
	GlobalSection(ExtensibilityGlobals) = postSolution
		SolutionGuid = {A7600D3F-EF1A-4956-AA29-E09A02F8B630}
	EndGlobalSection
EndGlobal
